<?xml version="1.0" encoding="utf-8"?>
<Project ToolsVersion="4.0" xmlns="http://schemas.microsoft.com/developer/msbuild/2003">
  <ItemGroup>
    <Filter Include="源文件">
      <UniqueIdentifier>{4FC737F1-C7A5-4376-A066-2A32D752A2FF}</UniqueIdentifier>
      <Extensions>cpp;c;cc;cxx;def;odl;idl;hpj;bat;asm;asmx</Extensions>
    </Filter>
    <Filter Include="头文件">
      <UniqueIdentifier>{93995380-89BD-4b04-88EB-625FBE52EBFB}</UniqueIdentifier>
      <Extensions>h;hpp;hxx;hm;inl;inc;xsd</Extensions>
    </Filter>
    <Filter Include="资源文件">
      <UniqueIdentifier>{67DA6AB6-F800-4c08-8B7A-83BB121AAD01}</UniqueIdentifier>
      <Extensions>rc;ico;cur;bmp;dlg;rc2;rct;bin;rgs;gif;jpg;jpeg;jpe;resx;tiff;tif;png;wav;mfcribbon-ms</Extensions>
    </Filter>
  </ItemGroup>
  <ItemGroup>
    <ClInclude Include="..\..\src\css_stream.h">
      <Filter>头文件</Filter>
    </ClInclude>
    <ClInclude Include="..\..\src\css.h">
      <Filter>头文件</Filter>
    </ClInclude>
    <ClInclude Include="..\..\src\css_capture.h">
      <Filter>头文件</Filter>
    </ClInclude>
    <ClInclude Include="..\..\src\css_file_writer.h">
      <Filter>头文件</Filter>
    </ClInclude>
    <ClInclude Include="..\..\src\css_protocol_package.h">
      <Filter>头文件</Filter>
    </ClInclude>
    <ClInclude Include="..\..\src\css_protocol_package_DEF.h">
      <Filter>头文件</Filter>
    </ClInclude>
    <ClInclude Include="..\..\src\queue.h">
      <Filter>头文件</Filter>
    </ClInclude>
    <ClInclude Include="..\..\src\css_util.h">
      <Filter>头文件</Filter>
    </ClInclude>
    <ClInclude Include="..\..\src\css_db.h">
      <Filter>头文件</Filter>
    </ClInclude>
    <ClInclude Include="..\..\src\css_db_mysql.h">
      <Filter>头文件</Filter>
    </ClInclude>
    <ClInclude Include="..\..\src\css_disk_manager.h">
      <Filter>头文件</Filter>
    </ClInclude>
    <ClInclude Include="..\..\src\css_linkedlist.h">
      <Filter>头文件</Filter>
    </ClInclude>
    <ClInclude Include="..\..\src\css_restclient.h">
      <Filter>头文件</Filter>
    </ClInclude>
    <ClInclude Include="..\..\src\css_alarm.h">
      <Filter>头文件</Filter>
    </ClInclude>
    <ClInclude Include="..\..\src\css_job.h">
      <Filter>头文件</Filter>
    </ClInclude>
    <ClInclude Include="..\..\src\css_restclient.h">
      <Filter>头文件</Filter>
    </ClInclude>
    <ClInclude Include="..\..\src\css_ini_file.h">
      <Filter>头文件</Filter>
    </ClInclude>
    <ClInclude Include="..\..\src\css_clear_disk.h">
      <Filter>头文件</Filter>
    </ClInclude>
    <ClInclude Include="..\..\src\css_test.h">
      <Filter>头文件</Filter>
    </ClInclude>
    <ClInclude Include="..\..\src\css_trigger.h">
      <Filter>头文件</Filter>
    </ClInclude>
    <ClInclude Include="..\..\src\css_logger.h">
      <Filter>头文件</Filter>
    </ClInclude>
    <ClInclude Include="..\..\src\css_db_mongo.h">
      <Filter>头文件</Filter>
    </ClInclude>
    <ClInclude Include="..\..\src\css_cmd_route.h">
      <Filter>头文件</Filter>
    </ClInclude>
    <ClInclude Include="..\..\src\css_file_reader.h">
      <Filter>头文件</Filter>
    </ClInclude>
    <ClInclude Include="..\..\src\css_frame_getter.h">
      <Filter>头文件</Filter>
    </ClInclude>
  </ItemGroup>
  <ItemGroup>
    <ClCompile Include="..\..\src\main.c">
      <Filter>源文件</Filter>
    </ClCompile>
    <ClCompile Include="..\..\src\css.c">
      <Filter>源文件</Filter>
    </ClCompile>
    <ClCompile Include="..\..\src\css_file_writer.c">
      <Filter>源文件</Filter>
    </ClCompile>
    <ClCompile Include="..\..\src\css_protocol_package.c">
      <Filter>源文件</Filter>
    </ClCompile>
    <ClCompile Include="..\..\src\css_stream.c">
      <Filter>源文件</Filter>
    </ClCompile>
    <ClCompile Include="..\..\src\css_capture.c">
      <Filter>源文件</Filter>
    </ClCompile>
    <ClCompile Include="..\..\src\css_util.c">
      <Filter>源文件</Filter>
    </ClCompile>
    <ClCompile Include="..\..\src\css_db.c">
      <Filter>源文件</Filter>
    </ClCompile>
    <ClCompile Include="..\..\src\css_db_mysql.c">
      <Filter>源文件</Filter>
    </ClCompile>
    <ClCompile Include="..\..\src\css_linkedlist.c">
      <Filter>源文件</Filter>
    </ClCompile>
    <ClCompile Include="..\..\src\css_disk_manager.c">
      <Filter>源文件</Filter>
    </ClCompile>
    <ClCompile Include="..\..\src\css_restclient.c">
      <Filter>源文件</Filter>
    </ClCompile>
    <ClCompile Include="..\..\src\css_job.c">
      <Filter>源文件</Filter>
    </ClCompile>
    <ClCompile Include="..\..\src\css_alarm.c">
      <Filter>源文件</Filter>
    </ClCompile>
    <ClCompile Include="..\..\src\css_disk_manager.c">
      <Filter>源文件</Filter>
    </ClCompile>
    <ClCompile Include="..\..\src\css_restclient.c">
      <Filter>源文件</Filter>
    </ClCompile>
    <ClCompile Include="..\..\src\css_ini_file.c">
      <Filter>源文件</Filter>
    </ClCompile>
    <ClCompile Include="..\..\src\css_clear_disk.c">
      <Filter>源文件</Filter>
    </ClCompile>
    <ClCompile Include="..\..\src\css_trigger.c">
      <Filter>源文件</Filter>
    </ClCompile>
    <ClCompile Include="..\..\src\css_logger.c">
      <Filter>源文件</Filter>
    </ClCompile>
    <ClCompile Include="..\..\src\css_db_mongo.c">
      <Filter>源文件</Filter>
    </ClCompile>
    <ClCompile Include="..\..\src\css_cmd_route.c">
      <Filter>源文件</Filter>
    </ClCompile>
    <ClCompile Include="..\..\src\css_file_reader.c">
      <Filter>源文件</Filter>
    </ClCompile>
    <ClCompile Include="..\..\src\css_frame_getter.c">
      <Filter>源文件</Filter>
    </ClCompile>
    <ClCompile Include="..\..\src\css_replay.c">
      <Filter>源文件</Filter>
    </ClCompile>
    <ClCompile Include="..\..\src\css_search_record.c">
      <Filter>源文件</Filter>
    </ClCompile>
  </ItemGroup>
  <ItemGroup>
    <None Include="..\..\config.ini">
      <Filter>资源文件</Filter>
    </None>
  </ItemGroup>
  <ItemGroup>
    <None Include="..\..\config.ini">
      <Filter>资源文件</Filter>
    </None>
  </ItemGroup>
</Project>